
Microsoft Visual Studio Solution File, Format Version 12.00
# Visual Studio Version 17
VisualStudioVersion = 17.11.35327.3
MinimumVisualStudioVersion = 10.0.40219.1
Project("{FAE04EC0-301F-11D3-BF4B-00C04F79EFBC}") = "SimplePlaneGame", "SimplePlaneGame\SimplePlaneGame.csproj", "{8ADE60AB-92BC-434D-AA1A-689AC300EA6E}"
EndProject
Global
	GlobalSection(SolutionConfigurationPlatforms) = preSolution
		Debug|Any CPU = Debug|Any CPU
		Release|Any CPU = Release|Any CPU
	EndGlobalSection
	GlobalSection(ProjectConfigurationPlatforms) = postSolution
		{8ADE60AB-92BC-434D-AA1A-689AC300EA6E}.Debug|Any CPU.ActiveCfg = Debug|Any CPU
		{8ADE60AB-92BC-434D-AA1A-689AC300EA6E}.Debug|Any CPU.Build.0 = Debug|Any CPU
		{8ADE60AB-92BC-434D-AA1A-689AC300EA6E}.Release|Any CPU.ActiveCfg = Release|Any CPU
		{8ADE60AB-92BC-434D-AA1A-689AC300EA6E}.Release|Any CPU.Build.0 = Release|Any CPU
	EndGlobalSection
	GlobalSection(SolutionProperties) = preSolution
		HideSolutionNode = FALSE
	EndGlobalSection
	GlobalSection(ExtensibilityGlobals) = postSolution
		SolutionGuid = {80E96B00-98EC-416A-8B47-36191452A1A6}
	EndGlobalSection
EndGlobal
